
Microsoft Visual Studio Solution File, Format Version 12.00
# Visual Studio Version 16
VisualStudioVersion = 16.0.30611.23
MinimumVisualStudioVersion = 10.0.40219.1
Project("{FAE04EC0-301F-11D3-BF4B-00C04F79EFBC}") = "interfejsi23", "interfejsi23.csproj", "{F2849CE0-0B61-43C3-ABCA-9F68A4CA6C15}"
EndProject
Global
	GlobalSection(SolutionConfigurationPlatforms) = preSolution
		Debug|Any CPU = Debug|Any CPU
		Release|Any CPU = Release|Any CPU
	EndGlobalSection
	GlobalSection(ProjectConfigurationPlatforms) = postSolution
		{F2849CE0-0B61-43C3-ABCA-9F68A4CA6C15}.Debug|Any CPU.ActiveCfg = Debug|Any CPU
		{F2849CE0-0B61-43C3-ABCA-9F68A4CA6C15}.Debug|Any CPU.Build.0 = Debug|Any CPU
		{F2849CE0-0B61-43C3-ABCA-9F68A4CA6C15}.Release|Any CPU.ActiveCfg = Release|Any CPU
		{F2849CE0-0B61-43C3-ABCA-9F68A4CA6C15}.Release|Any CPU.Build.0 = Release|Any CPU
	EndGlobalSection
	GlobalSection(SolutionProperties) = preSolution
		HideSolutionNode = FALSE
	EndGlobalSection
	GlobalSection(ExtensibilityGlobals) = postSolution
		SolutionGuid = {4C07222B-1F99-49A2-A2C2-5ACDAA650185}
	EndGlobalSection
EndGlobal
