
Microsoft Visual Studio Solution File, Format Version 12.00
# Visual Studio Version 16
VisualStudioVersion = 16.0.30611.23
MinimumVisualStudioVersion = 10.0.40219.1
Project("{8BC9CEB8-8B4A-11D0-8D11-00A0C91BC942}") = "Rekurzija", "Rekurzija.vcxproj", "{A63D0E7A-3D73-46E3-BA04-B859FB9DE00F}"
EndProject
Global
	GlobalSection(SolutionConfigurationPlatforms) = preSolution
		Debug|x64 = Debug|x64
		Debug|x86 = Debug|x86
		Release|x64 = Release|x64
		Release|x86 = Release|x86
	EndGlobalSection
	GlobalSection(ProjectConfigurationPlatforms) = postSolution
		{A63D0E7A-3D73-46E3-BA04-B859FB9DE00F}.Debug|x64.ActiveCfg = Debug|x64
		{A63D0E7A-3D73-46E3-BA04-B859FB9DE00F}.Debug|x64.Build.0 = Debug|x64
		{A63D0E7A-3D73-46E3-BA04-B859FB9DE00F}.Debug|x86.ActiveCfg = Debug|Win32
		{A63D0E7A-3D73-46E3-BA04-B859FB9DE00F}.Debug|x86.Build.0 = Debug|Win32
		{A63D0E7A-3D73-46E3-BA04-B859FB9DE00F}.Release|x64.ActiveCfg = Release|x64
		{A63D0E7A-3D73-46E3-BA04-B859FB9DE00F}.Release|x64.Build.0 = Release|x64
		{A63D0E7A-3D73-46E3-BA04-B859FB9DE00F}.Release|x86.ActiveCfg = Release|Win32
		{A63D0E7A-3D73-46E3-BA04-B859FB9DE00F}.Release|x86.Build.0 = Release|Win32
	EndGlobalSection
	GlobalSection(SolutionProperties) = preSolution
		HideSolutionNode = FALSE
	EndGlobalSection
	GlobalSection(ExtensibilityGlobals) = postSolution
		SolutionGuid = {6F743BF1-C6B4-48BC-8AFE-56B77E8290B3}
	EndGlobalSection
EndGlobal
