
Microsoft Visual Studio Solution File, Format Version 12.00
# Visual Studio Version 16
VisualStudioVersion = 16.0.30611.23
MinimumVisualStudioVersion = 10.0.40219.1
Project("{8BC9CEB8-8B4A-11D0-8D11-00A0C91BC942}") = "Test-Mihajlo Randjelovic II-1", "Test-Mihajlo Randjelovic II-1.vcxproj", "{D3079561-3BBA-49CA-85D4-F321CEC09ACB}"
EndProject
Global
	GlobalSection(SolutionConfigurationPlatforms) = preSolution
		Debug|x64 = Debug|x64
		Debug|x86 = Debug|x86
		Release|x64 = Release|x64
		Release|x86 = Release|x86
	EndGlobalSection
	GlobalSection(ProjectConfigurationPlatforms) = postSolution
		{D3079561-3BBA-49CA-85D4-F321CEC09ACB}.Debug|x64.ActiveCfg = Debug|x64
		{D3079561-3BBA-49CA-85D4-F321CEC09ACB}.Debug|x64.Build.0 = Debug|x64
		{D3079561-3BBA-49CA-85D4-F321CEC09ACB}.Debug|x86.ActiveCfg = Debug|Win32
		{D3079561-3BBA-49CA-85D4-F321CEC09ACB}.Debug|x86.Build.0 = Debug|Win32
		{D3079561-3BBA-49CA-85D4-F321CEC09ACB}.Release|x64.ActiveCfg = Release|x64
		{D3079561-3BBA-49CA-85D4-F321CEC09ACB}.Release|x64.Build.0 = Release|x64
		{D3079561-3BBA-49CA-85D4-F321CEC09ACB}.Release|x86.ActiveCfg = Release|Win32
		{D3079561-3BBA-49CA-85D4-F321CEC09ACB}.Release|x86.Build.0 = Release|Win32
	EndGlobalSection
	GlobalSection(SolutionProperties) = preSolution
		HideSolutionNode = FALSE
	EndGlobalSection
	GlobalSection(ExtensibilityGlobals) = postSolution
		SolutionGuid = {1E560A6F-B445-47A4-A04D-359150B2762D}
	EndGlobalSection
EndGlobal
