
Microsoft Visual Studio Solution File, Format Version 12.00
# Visual Studio Version 16
VisualStudioVersion = 16.0.30611.23
MinimumVisualStudioVersion = 10.0.40219.1
Project("{FAE04EC0-301F-11D3-BF4B-00C04F79EFBC}") = "Polimorfizam", "Polimorfizam.csproj", "{C2C5B795-9374-45D0-A179-976524756BE7}"
EndProject
Global
	GlobalSection(SolutionConfigurationPlatforms) = preSolution
		Debug|Any CPU = Debug|Any CPU
		Release|Any CPU = Release|Any CPU
	EndGlobalSection
	GlobalSection(ProjectConfigurationPlatforms) = postSolution
		{C2C5B795-9374-45D0-A179-976524756BE7}.Debug|Any CPU.ActiveCfg = Debug|Any CPU
		{C2C5B795-9374-45D0-A179-976524756BE7}.Debug|Any CPU.Build.0 = Debug|Any CPU
		{C2C5B795-9374-45D0-A179-976524756BE7}.Release|Any CPU.ActiveCfg = Release|Any CPU
		{C2C5B795-9374-45D0-A179-976524756BE7}.Release|Any CPU.Build.0 = Release|Any CPU
	EndGlobalSection
	GlobalSection(SolutionProperties) = preSolution
		HideSolutionNode = FALSE
	EndGlobalSection
	GlobalSection(ExtensibilityGlobals) = postSolution
		SolutionGuid = {79C6F69A-F890-4530-A1D5-793310D667C7}
	EndGlobalSection
EndGlobal
