
Microsoft Visual Studio Solution File, Format Version 12.00
# Visual Studio Version 16
VisualStudioVersion = 16.0.30611.23
MinimumVisualStudioVersion = 10.0.40219.1
Project("{FAE04EC0-301F-11D3-BF4B-00C04F79EFBC}") = "Tacka1", "Tacka1.csproj", "{AB6CAB3C-9DC3-4744-93AA-159AE7D3D81E}"
EndProject
Global
	GlobalSection(SolutionConfigurationPlatforms) = preSolution
		Debug|Any CPU = Debug|Any CPU
		Release|Any CPU = Release|Any CPU
	EndGlobalSection
	GlobalSection(ProjectConfigurationPlatforms) = postSolution
		{AB6CAB3C-9DC3-4744-93AA-159AE7D3D81E}.Debug|Any CPU.ActiveCfg = Debug|Any CPU
		{AB6CAB3C-9DC3-4744-93AA-159AE7D3D81E}.Debug|Any CPU.Build.0 = Debug|Any CPU
		{AB6CAB3C-9DC3-4744-93AA-159AE7D3D81E}.Release|Any CPU.ActiveCfg = Release|Any CPU
		{AB6CAB3C-9DC3-4744-93AA-159AE7D3D81E}.Release|Any CPU.Build.0 = Release|Any CPU
	EndGlobalSection
	GlobalSection(SolutionProperties) = preSolution
		HideSolutionNode = FALSE
	EndGlobalSection
	GlobalSection(ExtensibilityGlobals) = postSolution
		SolutionGuid = {5728DD17-34AE-403A-87D0-D3AEBB14C266}
	EndGlobalSection
EndGlobal
