
Microsoft Visual Studio Solution File, Format Version 12.00
# Visual Studio Version 17
VisualStudioVersion = 17.2.32516.85
MinimumVisualStudioVersion = 10.0.40219.1
Project("{FAE04EC0-301F-11D3-BF4B-00C04F79EFBC}") = "KontroleKreiranje", "KontroleKreiranje\KontroleKreiranje.csproj", "{B05826B2-A0C2-4DC5-AF66-3CE32E024DBD}"
EndProject
Global
	GlobalSection(SolutionConfigurationPlatforms) = preSolution
		Debug|Any CPU = Debug|Any CPU
		Release|Any CPU = Release|Any CPU
	EndGlobalSection
	GlobalSection(ProjectConfigurationPlatforms) = postSolution
		{B05826B2-A0C2-4DC5-AF66-3CE32E024DBD}.Debug|Any CPU.ActiveCfg = Debug|Any CPU
		{B05826B2-A0C2-4DC5-AF66-3CE32E024DBD}.Debug|Any CPU.Build.0 = Debug|Any CPU
		{B05826B2-A0C2-4DC5-AF66-3CE32E024DBD}.Release|Any CPU.ActiveCfg = Release|Any CPU
		{B05826B2-A0C2-4DC5-AF66-3CE32E024DBD}.Release|Any CPU.Build.0 = Release|Any CPU
	EndGlobalSection
	GlobalSection(SolutionProperties) = preSolution
		HideSolutionNode = FALSE
	EndGlobalSection
	GlobalSection(ExtensibilityGlobals) = postSolution
		SolutionGuid = {D3A127FF-2E7B-4523-91D6-0CAD9661B2E4}
	EndGlobalSection
EndGlobal
